
Microsoft Visual Studio Solution File, Format Version 12.00
# Visual Studio Version 16
VisualStudioVersion = 16.0.29728.190
MinimumVisualStudioVersion = 10.0.40219.1
Project("{FAE04EC0-301F-11D3-BF4B-00C04F79EFBC}") = "ProjectPorohWPF", "ProjectPorohWPF\ProjectPorohWPF.csproj", "{5E2166EC-3BBF-4F3F-9194-AD9885FE84DA}"
EndProject
Global
	GlobalSection(SolutionConfigurationPlatforms) = preSolution
		Debug|Any CPU = Debug|Any CPU
		Release|Any CPU = Release|Any CPU
	EndGlobalSection
	GlobalSection(ProjectConfigurationPlatforms) = postSolution
		{5E2166EC-3BBF-4F3F-9194-AD9885FE84DA}.Debug|Any CPU.ActiveCfg = Debug|Any CPU
		{5E2166EC-3BBF-4F3F-9194-AD9885FE84DA}.Debug|Any CPU.Build.0 = Debug|Any CPU
		{5E2166EC-3BBF-4F3F-9194-AD9885FE84DA}.Release|Any CPU.ActiveCfg = Release|Any CPU
		{5E2166EC-3BBF-4F3F-9194-AD9885FE84DA}.Release|Any CPU.Build.0 = Release|Any CPU
	EndGlobalSection
	GlobalSection(SolutionProperties) = preSolution
		HideSolutionNode = FALSE
	EndGlobalSection
	GlobalSection(ExtensibilityGlobals) = postSolution
		SolutionGuid = {EBC5D75B-BCDB-4CCE-B5D6-1FB0956D3042}
	EndGlobalSection
EndGlobal
